
Microsoft Visual Studio Solution File, Format Version 12.00
# Visual Studio 15
VisualStudioVersion = 15.0.28307.572
MinimumVisualStudioVersion = 10.0.40219.1
Project("{FAE04EC0-301F-11D3-BF4B-00C04F79EFBC}") = "CaitlinAbelsonSite", "CaitlinAbelsonSite\CaitlinAbelsonSite.csproj", "{B07B9686-A80E-428F-9C5E-D76D78765F7D}"
EndProject
Global
	GlobalSection(SolutionConfigurationPlatforms) = preSolution
		Debug|Any CPU = Debug|Any CPU
		Release|Any CPU = Release|Any CPU
	EndGlobalSection
	GlobalSection(ProjectConfigurationPlatforms) = postSolution
		{B07B9686-A80E-428F-9C5E-D76D78765F7D}.Debug|Any CPU.ActiveCfg = Debug|Any CPU
		{B07B9686-A80E-428F-9C5E-D76D78765F7D}.Debug|Any CPU.Build.0 = Debug|Any CPU
		{B07B9686-A80E-428F-9C5E-D76D78765F7D}.Release|Any CPU.ActiveCfg = Release|Any CPU
		{B07B9686-A80E-428F-9C5E-D76D78765F7D}.Release|Any CPU.Build.0 = Release|Any CPU
	EndGlobalSection
	GlobalSection(SolutionProperties) = preSolution
		HideSolutionNode = FALSE
	EndGlobalSection
	GlobalSection(ExtensibilityGlobals) = postSolution
		SolutionGuid = {9980BABA-BD79-4184-BB29-A7D81A8AD684}
	EndGlobalSection
EndGlobal
